<?xml version="1.0" encoding="utf-8"?>
<Project ToolsVersion="4.0" xmlns="http://schemas.microsoft.com/developer/msbuild/2003">
  <ItemGroup>
    <Filter Include="Shaders">
      <UniqueIdentifier>{29a33e2f-202d-4053-ad65-85e0a9e9f849}</UniqueIdentifier>
    </Filter>
    <Filter Include="Utilities">
      <UniqueIdentifier>{1d4b2870-ea63-445f-a8a6-d92033ed8a3e}</UniqueIdentifier>
    </Filter>
    <Filter Include="GameStates">
      <UniqueIdentifier>{0ec57bd1-52fc-4813-a1e8-d56f4ede1eb2}</UniqueIdentifier>
    </Filter>
    <Filter Include="Assets">
      <UniqueIdentifier>{32adbb8c-e6c6-4fa1-b918-b6c3cf5656c5}</UniqueIdentifier>
    </Filter>
    <Filter Include="lib">
      <UniqueIdentifier>{91906223-3772-4190-8070-6a043d292892}</UniqueIdentifier>
    </Filter>
    <Filter Include="include">
      <UniqueIdentifier>{276e36c1-c247-4e7e-8b43-683bcf40c836}</UniqueIdentifier>
    </Filter>
  </ItemGroup>
  <ItemGroup>
    <ClCompile Include="GameStates\Game.cpp">
      <Filter>GameStates</Filter>
    </ClCompile>
    <ClCompile Include="GameStates\MainMenu.cpp">
      <Filter>GameStates</Filter>
    </ClCompile>
    <ClCompile Include="Utilities\Camera.cpp">
      <Filter>Utilities</Filter>
    </ClCompile>
    <ClCompile Include="Utilities\Shader.cpp">
      <Filter>Utilities</Filter>
    </ClCompile>
    <ClCompile Include="main.cpp" />
    <ClCompile Include="include\glad\glad.c">
      <Filter>include</Filter>
    </ClCompile>
  </ItemGroup>
  <ItemGroup>
    <ClInclude Include="GameStates\Game.h">
      <Filter>GameStates</Filter>
    </ClInclude>
    <ClInclude Include="GameStates\MainMenu.h">
      <Filter>GameStates</Filter>
    </ClInclude>
    <ClInclude Include="Utilities\Camera.h">
      <Filter>Utilities</Filter>
    </ClInclude>
    <ClInclude Include="Utilities\GameState.h">
      <Filter>Utilities</Filter>
    </ClInclude>
    <ClInclude Include="Utilities\ResourceManager.h">
      <Filter>Utilities</Filter>
    </ClInclude>
    <ClInclude Include="Utilities\Shader.h">
      <Filter>Utilities</Filter>
    </ClInclude>
    <ClInclude Include="Utilities\StateMachine.h">
      <Filter>Utilities</Filter>
    </ClInclude>
    <ClInclude Include="Utilities\Texture.h">
      <Filter>Utilities</Filter>
    </ClInclude>
    <ClInclude Include="Utilities\Timing.h">
      <Filter>Utilities</Filter>
    </ClInclude>
    <ClInclude Include="include\GLFW\glfw3.h">
      <Filter>include</Filter>
    </ClInclude>
    <ClInclude Include="include\pl_mpeg.h">
      <Filter>include</Filter>
    </ClInclude>
    <ClInclude Include="include\stb_image.h">
      <Filter>include</Filter>
    </ClInclude>
    <ClInclude Include="include\KHR\khrplatform.h">
      <Filter>include</Filter>
    </ClInclude>
    <ClInclude Include="include\GLFW\glfw3native.h">
      <Filter>include</Filter>
    </ClInclude>
    <ClInclude Include="include\glad\glad.h">
      <Filter>include</Filter>
    </ClInclude>
  </ItemGroup>
  <ItemGroup>
    <None Include="shaders\shader.frag">
      <Filter>Shaders</Filter>
    </None>
    <None Include="shaders\shader.vert">
      <Filter>Shaders</Filter>
    </None>
    <None Include="shaders\shader_texture.frag">
      <Filter>Shaders</Filter>
    </None>
    <None Include="shaders\shader_texture.vert">
      <Filter>Shaders</Filter>
    </None>
    <None Include="lib\x64\glfw3.dll">
      <Filter>lib</Filter>
    </None>
    <None Include="lib\x86\glfw3.dll">
      <Filter>lib</Filter>
    </None>
  </ItemGroup>
  <ItemGroup>
    <Image Include="Assets\harold.png">
      <Filter>Assets</Filter>
    </Image>
    <Image Include="Assets\travis-man.png">
      <Filter>Assets</Filter>
    </Image>
  </ItemGroup>
  <ItemGroup>
    <Library Include="lib\x86\glfw3.lib">
      <Filter>lib</Filter>
    </Library>
    <Library Include="lib\x86\glfw3_mt.lib">
      <Filter>lib</Filter>
    </Library>
    <Library Include="lib\x64\glfw3_mt.lib">
      <Filter>lib</Filter>
    </Library>
    <Library Include="lib\x64\glfw3.lib">
      <Filter>lib</Filter>
    </Library>
    <Library Include="lib\x86\glfw3dll.lib">
      <Filter>lib</Filter>
    </Library>
    <Library Include="lib\x64\glfw3dll.lib">
      <Filter>lib</Filter>
    </Library>
  </ItemGroup>
</Project>